
Microsoft Visual Studio Solution File, Format Version 12.00
# Visual Studio Version 16
VisualStudioVersion = 16.0.32106.194
MinimumVisualStudioVersion = 10.0.40219.1
Project("{FAE04EC0-301F-11D3-BF4B-00C04F79EFBC}") = "ClienteFormsTemp", "ClienteFormsTemp.csproj", "{376086D5-D8D8-401A-A14A-3453BC01488E}"
EndProject
Global
	GlobalSection(SolutionConfigurationPlatforms) = preSolution
		Debug|Any CPU = Debug|Any CPU
		Release|Any CPU = Release|Any CPU
	EndGlobalSection
	GlobalSection(ProjectConfigurationPlatforms) = postSolution
		{376086D5-D8D8-401A-A14A-3453BC01488E}.Debug|Any CPU.ActiveCfg = Debug|Any CPU
		{376086D5-D8D8-401A-A14A-3453BC01488E}.Debug|Any CPU.Build.0 = Debug|Any CPU
		{376086D5-D8D8-401A-A14A-3453BC01488E}.Release|Any CPU.ActiveCfg = Release|Any CPU
		{376086D5-D8D8-401A-A14A-3453BC01488E}.Release|Any CPU.Build.0 = Release|Any CPU
	EndGlobalSection
	GlobalSection(SolutionProperties) = preSolution
		HideSolutionNode = FALSE
	EndGlobalSection
	GlobalSection(ExtensibilityGlobals) = postSolution
		SolutionGuid = {52FE53EB-0462-42A9-A3AA-BE5CA07F0D06}
	EndGlobalSection
EndGlobal
